
Microsoft Visual Studio Solution File, Format Version 12.00
# Visual Studio Version 17
VisualStudioVersion = 17.14.36717.8 d17.14
MinimumVisualStudioVersion = 10.0.40219.1
Project("{8BC9CEB8-8B4A-11D0-8D11-00A0C91BC942}") = "1.4_5CCmptrPrgmsWrkHeloWrld.EVNLsNts", "1.4_5CCmptrPrgmsWrkHeloWrld.EVNLsNts\1.4_5CCmptrPrgmsWrkHeloWrld.EVNLsNts.vcxproj", "{DCAAB022-9E1F-414B-BBC3-0EDE9DD17E4F}"
EndProject
Global
	GlobalSection(SolutionConfigurationPlatforms) = preSolution
		Debug|x64 = Debug|x64
		Debug|x86 = Debug|x86
		Release|x64 = Release|x64
		Release|x86 = Release|x86
	EndGlobalSection
	GlobalSection(ProjectConfigurationPlatforms) = postSolution
		{DCAAB022-9E1F-414B-BBC3-0EDE9DD17E4F}.Debug|x64.ActiveCfg = Debug|x64
		{DCAAB022-9E1F-414B-BBC3-0EDE9DD17E4F}.Debug|x64.Build.0 = Debug|x64
		{DCAAB022-9E1F-414B-BBC3-0EDE9DD17E4F}.Debug|x86.ActiveCfg = Debug|Win32
		{DCAAB022-9E1F-414B-BBC3-0EDE9DD17E4F}.Debug|x86.Build.0 = Debug|Win32
		{DCAAB022-9E1F-414B-BBC3-0EDE9DD17E4F}.Release|x64.ActiveCfg = Release|x64
		{DCAAB022-9E1F-414B-BBC3-0EDE9DD17E4F}.Release|x64.Build.0 = Release|x64
		{DCAAB022-9E1F-414B-BBC3-0EDE9DD17E4F}.Release|x86.ActiveCfg = Release|Win32
		{DCAAB022-9E1F-414B-BBC3-0EDE9DD17E4F}.Release|x86.Build.0 = Release|Win32
	EndGlobalSection
	GlobalSection(SolutionProperties) = preSolution
		HideSolutionNode = FALSE
	EndGlobalSection
	GlobalSection(ExtensibilityGlobals) = postSolution
		SolutionGuid = {DB218048-12C3-4A4C-91CE-7E963EDEB2B0}
	EndGlobalSection
EndGlobal
