
Microsoft Visual Studio Solution File, Format Version 12.00
# Visual Studio Version 17
VisualStudioVersion = 17.14.36717.8 d17.14
MinimumVisualStudioVersion = 10.0.40219.1
Project("{8BC9CEB8-8B4A-11D0-8D11-00A0C91BC942}") = "1.23CShorthandIfElse.EVNLNts", "1.23CShorthandIfElse.EVNLNts\1.23CShorthandIfElse.EVNLNts.vcxproj", "{28252862-0630-472B-9C1A-A5228C25EA71}"
EndProject
Global
	GlobalSection(SolutionConfigurationPlatforms) = preSolution
		Debug|x64 = Debug|x64
		Debug|x86 = Debug|x86
		Release|x64 = Release|x64
		Release|x86 = Release|x86
	EndGlobalSection
	GlobalSection(ProjectConfigurationPlatforms) = postSolution
		{28252862-0630-472B-9C1A-A5228C25EA71}.Debug|x64.ActiveCfg = Debug|x64
		{28252862-0630-472B-9C1A-A5228C25EA71}.Debug|x64.Build.0 = Debug|x64
		{28252862-0630-472B-9C1A-A5228C25EA71}.Debug|x86.ActiveCfg = Debug|Win32
		{28252862-0630-472B-9C1A-A5228C25EA71}.Debug|x86.Build.0 = Debug|Win32
		{28252862-0630-472B-9C1A-A5228C25EA71}.Release|x64.ActiveCfg = Release|x64
		{28252862-0630-472B-9C1A-A5228C25EA71}.Release|x64.Build.0 = Release|x64
		{28252862-0630-472B-9C1A-A5228C25EA71}.Release|x86.ActiveCfg = Release|Win32
		{28252862-0630-472B-9C1A-A5228C25EA71}.Release|x86.Build.0 = Release|Win32
	EndGlobalSection
	GlobalSection(SolutionProperties) = preSolution
		HideSolutionNode = FALSE
	EndGlobalSection
	GlobalSection(ExtensibilityGlobals) = postSolution
		SolutionGuid = {1B683F04-4C49-428D-AD73-D2757A7A78B1}
	EndGlobalSection
EndGlobal
