
Microsoft Visual Studio Solution File, Format Version 12.00
# Visual Studio Version 17
VisualStudioVersion = 17.14.36717.8 d17.14
MinimumVisualStudioVersion = 10.0.40219.1
Project("{8BC9CEB8-8B4A-11D0-8D11-00A0C91BC942}") = "1.39CIntNFloatArraysEVNJLNts", "1.39CIntNFloatArraysEVNJLNts\1.39CIntNFloatArraysEVNJLNts.vcxproj", "{CEFA2FFD-EEDA-48F8-900C-0BE87B7027BD}"
EndProject
Global
	GlobalSection(SolutionConfigurationPlatforms) = preSolution
		Debug|x64 = Debug|x64
		Debug|x86 = Debug|x86
		Release|x64 = Release|x64
		Release|x86 = Release|x86
	EndGlobalSection
	GlobalSection(ProjectConfigurationPlatforms) = postSolution
		{CEFA2FFD-EEDA-48F8-900C-0BE87B7027BD}.Debug|x64.ActiveCfg = Debug|x64
		{CEFA2FFD-EEDA-48F8-900C-0BE87B7027BD}.Debug|x64.Build.0 = Debug|x64
		{CEFA2FFD-EEDA-48F8-900C-0BE87B7027BD}.Debug|x86.ActiveCfg = Debug|Win32
		{CEFA2FFD-EEDA-48F8-900C-0BE87B7027BD}.Debug|x86.Build.0 = Debug|Win32
		{CEFA2FFD-EEDA-48F8-900C-0BE87B7027BD}.Release|x64.ActiveCfg = Release|x64
		{CEFA2FFD-EEDA-48F8-900C-0BE87B7027BD}.Release|x64.Build.0 = Release|x64
		{CEFA2FFD-EEDA-48F8-900C-0BE87B7027BD}.Release|x86.ActiveCfg = Release|Win32
		{CEFA2FFD-EEDA-48F8-900C-0BE87B7027BD}.Release|x86.Build.0 = Release|Win32
	EndGlobalSection
	GlobalSection(SolutionProperties) = preSolution
		HideSolutionNode = FALSE
	EndGlobalSection
	GlobalSection(ExtensibilityGlobals) = postSolution
		SolutionGuid = {0BB80EFB-0A3F-42C1-BF7C-1C5307F67B61}
	EndGlobalSection
EndGlobal
