
Microsoft Visual Studio Solution File, Format Version 12.00
# Visual Studio Version 17
VisualStudioVersion = 17.14.36717.8 d17.14
MinimumVisualStudioVersion = 10.0.40219.1
Project("{8BC9CEB8-8B4A-11D0-8D11-00A0C91BC942}") = "1.20CWatAbtMrThn2Choics.EVNLNts", "1.20CWatAbtMrThn2Choics.EVNLNts\1.20CWatAbtMrThn2Choics.EVNLNts.vcxproj", "{9EFCEDEA-297B-4837-B1B3-F7871DF2B560}"
EndProject
Global
	GlobalSection(SolutionConfigurationPlatforms) = preSolution
		Debug|x64 = Debug|x64
		Debug|x86 = Debug|x86
		Release|x64 = Release|x64
		Release|x86 = Release|x86
	EndGlobalSection
	GlobalSection(ProjectConfigurationPlatforms) = postSolution
		{9EFCEDEA-297B-4837-B1B3-F7871DF2B560}.Debug|x64.ActiveCfg = Debug|x64
		{9EFCEDEA-297B-4837-B1B3-F7871DF2B560}.Debug|x64.Build.0 = Debug|x64
		{9EFCEDEA-297B-4837-B1B3-F7871DF2B560}.Debug|x86.ActiveCfg = Debug|Win32
		{9EFCEDEA-297B-4837-B1B3-F7871DF2B560}.Debug|x86.Build.0 = Debug|Win32
		{9EFCEDEA-297B-4837-B1B3-F7871DF2B560}.Release|x64.ActiveCfg = Release|x64
		{9EFCEDEA-297B-4837-B1B3-F7871DF2B560}.Release|x64.Build.0 = Release|x64
		{9EFCEDEA-297B-4837-B1B3-F7871DF2B560}.Release|x86.ActiveCfg = Release|Win32
		{9EFCEDEA-297B-4837-B1B3-F7871DF2B560}.Release|x86.Build.0 = Release|Win32
	EndGlobalSection
	GlobalSection(SolutionProperties) = preSolution
		HideSolutionNode = FALSE
	EndGlobalSection
	GlobalSection(ExtensibilityGlobals) = postSolution
		SolutionGuid = {3A78E7F3-94E2-4C95-9E7F-8AA2C7AC956A}
	EndGlobalSection
EndGlobal
