
Microsoft Visual Studio Solution File, Format Version 12.00
# Visual Studio Version 17
VisualStudioVersion = 17.14.36717.8 d17.14
MinimumVisualStudioVersion = 10.0.40219.1
Project("{8BC9CEB8-8B4A-11D0-8D11-00A0C91BC942}") = "1.53CRandomFileAccess.EVNLNts", "1.53CRandomFileAccess.EVNLNts\1.53CRandomFileAccess.EVNLNts.vcxproj", "{AF8751BE-E10C-422E-9A1E-499DEAAC0A0F}"
EndProject
Global
	GlobalSection(SolutionConfigurationPlatforms) = preSolution
		Debug|x64 = Debug|x64
		Debug|x86 = Debug|x86
		Release|x64 = Release|x64
		Release|x86 = Release|x86
	EndGlobalSection
	GlobalSection(ProjectConfigurationPlatforms) = postSolution
		{AF8751BE-E10C-422E-9A1E-499DEAAC0A0F}.Debug|x64.ActiveCfg = Debug|x64
		{AF8751BE-E10C-422E-9A1E-499DEAAC0A0F}.Debug|x64.Build.0 = Debug|x64
		{AF8751BE-E10C-422E-9A1E-499DEAAC0A0F}.Debug|x86.ActiveCfg = Debug|Win32
		{AF8751BE-E10C-422E-9A1E-499DEAAC0A0F}.Debug|x86.Build.0 = Debug|Win32
		{AF8751BE-E10C-422E-9A1E-499DEAAC0A0F}.Release|x64.ActiveCfg = Release|x64
		{AF8751BE-E10C-422E-9A1E-499DEAAC0A0F}.Release|x64.Build.0 = Release|x64
		{AF8751BE-E10C-422E-9A1E-499DEAAC0A0F}.Release|x86.ActiveCfg = Release|Win32
		{AF8751BE-E10C-422E-9A1E-499DEAAC0A0F}.Release|x86.Build.0 = Release|Win32
	EndGlobalSection
	GlobalSection(SolutionProperties) = preSolution
		HideSolutionNode = FALSE
	EndGlobalSection
	GlobalSection(ExtensibilityGlobals) = postSolution
		SolutionGuid = {261B7CD9-8BE6-4798-A32B-1F7AD9EC38BC}
	EndGlobalSection
EndGlobal
